// !$*UTF8*$!
{
	archiveVersion = 1;
	classes = {
	};
	objectVersion = 48;
	objects = {

/* Begin PBXBuildFile section */
		17A92B552070BE8A009789D4 /* ListController.swift in Sources */ = {isa = PBXBuildFile; fileRef = 17A92B542070BE8A009789D4 /* ListController.swift */; };
		17A92B572070BEBC009789D4 /* ListController.storyboard in Resources */ = {isa = PBXBuildFile; fileRef = 17A92B562070BEBC009789D4 /* ListController.storyboard */; };
		17A92B592070D6B1009789D4 /* CollectionController.storyboard in Resources */ = {isa = PBXBuildFile; fileRef = 17A92B582070D6B1009789D4 /* CollectionController.storyboard */; };
		17A92B5B2070D6BB009789D4 /* CollectionController.swift in Sources */ = {isa = PBXBuildFile; fileRef = 17A92B5A2070D6BB009789D4 /* CollectionController.swift */; };
		17A92B5D2070E039009789D4 /* CollectionCell.swift in Sources */ = {isa = PBXBuildFile; fileRef = 17A92B5C2070E039009789D4 /* CollectionCell.swift */; };
		17A92B5F2070E042009789D4 /* CollectionHeader.swift in Sources */ = {isa = PBXBuildFile; fileRef = 17A92B5E2070E042009789D4 /* CollectionHeader.swift */; };
		17E3DFD3206FC60A000DBEAE /* AppDelegate.swift in Sources */ = {isa = PBXBuildFile; fileRef = 17E3DFD2206FC60A000DBEAE /* AppDelegate.swift */; };
		17E3DFD5206FC60A000DBEAE /* BasicsController.swift in Sources */ = {isa = PBXBuildFile; fileRef = 17E3DFD4206FC60A000DBEAE /* BasicsController.swift */; };
		17E3DFD8206FC60A000DBEAE /* BasicsController.storyboard in Resources */ = {isa = PBXBuildFile; fileRef = 17E3DFD6206FC60A000DBEAE /* BasicsController.storyboard */; };
		17E3DFDA206FC60A000DBEAE /* Assets.xcassets in Resources */ = {isa = PBXBuildFile; fileRef = 17E3DFD9206FC60A000DBEAE /* Assets.xcassets */; };
		17E3DFDD206FC60A000DBEAE /* LaunchScreen.storyboard in Resources */ = {isa = PBXBuildFile; fileRef = 17E3DFDB206FC60A000DBEAE /* LaunchScreen.storyboard */; };
		17E3DFE7206FE393000DBEAE /* RxSwift.framework in Frameworks */ = {isa = PBXBuildFile; fileRef = 17E3DFE5206FE393000DBEAE /* RxSwift.framework */; };
		17E3DFE8206FE393000DBEAE /* RxCocoa.framework in Frameworks */ = {isa = PBXBuildFile; fileRef = 17E3DFE6206FE393000DBEAE /* RxCocoa.framework */; };
/* End PBXBuildFile section */

/* Begin PBXFileReference section */
		17A92B542070BE8A009789D4 /* ListController.swift */ = {isa = PBXFileReference; lastKnownFileType = sourcecode.swift; path = ListController.swift; sourceTree = "<group>"; };
		17A92B562070BEBC009789D4 /* ListController.storyboard */ = {isa = PBXFileReference; lastKnownFileType = file.storyboard; path = ListController.storyboard; sourceTree = "<group>"; };
		17A92B582070D6B1009789D4 /* CollectionController.storyboard */ = {isa = PBXFileReference; lastKnownFileType = file.storyboard; path = CollectionController.storyboard; sourceTree = "<group>"; };
		17A92B5A2070D6BB009789D4 /* CollectionController.swift */ = {isa = PBXFileReference; lastKnownFileType = sourcecode.swift; path = CollectionController.swift; sourceTree = "<group>"; };
		17A92B5C2070E039009789D4 /* CollectionCell.swift */ = {isa = PBXFileReference; lastKnownFileType = sourcecode.swift; path = CollectionCell.swift; sourceTree = "<group>"; };
		17A92B5E2070E042009789D4 /* CollectionHeader.swift */ = {isa = PBXFileReference; lastKnownFileType = sourcecode.swift; path = CollectionHeader.swift; sourceTree = "<group>"; };
		17E3DFCF206FC60A000DBEAE /* RxToy.app */ = {isa = PBXFileReference; explicitFileType = wrapper.application; includeInIndex = 0; path = RxToy.app; sourceTree = BUILT_PRODUCTS_DIR; };
		17E3DFD2206FC60A000DBEAE /* AppDelegate.swift */ = {isa = PBXFileReference; lastKnownFileType = sourcecode.swift; path = AppDelegate.swift; sourceTree = "<group>"; };
		17E3DFD4206FC60A000DBEAE /* BasicsController.swift */ = {isa = PBXFileReference; lastKnownFileType = sourcecode.swift; path = BasicsController.swift; sourceTree = "<group>"; };
		17E3DFD7206FC60A000DBEAE /* Base */ = {isa = PBXFileReference; lastKnownFileType = file.storyboard; name = Base; path = Base.lproj/BasicsController.storyboard; sourceTree = "<group>"; };
		17E3DFD9206FC60A000DBEAE /* Assets.xcassets */ = {isa = PBXFileReference; lastKnownFileType = folder.assetcatalog; path = Assets.xcassets; sourceTree = "<group>"; };
		17E3DFDC206FC60A000DBEAE /* Base */ = {isa = PBXFileReference; lastKnownFileType = file.storyboard; name = Base; path = Base.lproj/LaunchScreen.storyboard; sourceTree = "<group>"; };
		17E3DFDE206FC60B000DBEAE /* Info.plist */ = {isa = PBXFileReference; lastKnownFileType = text.plist.xml; path = Info.plist; sourceTree = "<group>"; };
		17E3DFE5206FE393000DBEAE /* RxSwift.framework */ = {isa = PBXFileReference; lastKnownFileType = wrapper.framework; name = RxSwift.framework; path = Carthage/Build/iOS/RxSwift.framework; sourceTree = "<group>"; };
		17E3DFE6206FE393000DBEAE /* RxCocoa.framework */ = {isa = PBXFileReference; lastKnownFileType = wrapper.framework; name = RxCocoa.framework; path = Carthage/Build/iOS/RxCocoa.framework; sourceTree = "<group>"; };
/* End PBXFileReference section */

/* Begin PBXFrameworksBuildPhase section */
		17E3DFCC206FC60A000DBEAE /* Frameworks */ = {
			isa = PBXFrameworksBuildPhase;
			buildActionMask = 2147483647;
			files = (
				17E3DFE7206FE393000DBEAE /* RxSwift.framework in Frameworks */,
				17E3DFE8206FE393000DBEAE /* RxCocoa.framework in Frameworks */,
			);
			runOnlyForDeploymentPostprocessing = 0;
		};
/* End PBXFrameworksBuildPhase section */

/* Begin PBXGroup section */
		17E3DFC6206FC60A000DBEAE = {
			isa = PBXGroup;
			children = (
				17E3DFD1206FC60A000DBEAE /* RxToy */,
				17E3DFD0206FC60A000DBEAE /* Products */,
				17E3DFE4206FE393000DBEAE /* Frameworks */,
			);
			sourceTree = "<group>";
		};
		17E3DFD0206FC60A000DBEAE /* Products */ = {
			isa = PBXGroup;
			children = (
				17E3DFCF206FC60A000DBEAE /* RxToy.app */,
			);
			name = Products;
			sourceTree = "<group>";
		};
		17E3DFD1206FC60A000DBEAE /* RxToy */ = {
			isa = PBXGroup;
			children = (
				17E3DFD2206FC60A000DBEAE /* AppDelegate.swift */,
				17A92B542070BE8A009789D4 /* ListController.swift */,
				17A92B562070BEBC009789D4 /* ListController.storyboard */,
				17E3DFD4206FC60A000DBEAE /* BasicsController.swift */,
				17E3DFD6206FC60A000DBEAE /* BasicsController.storyboard */,
				17A92B5A2070D6BB009789D4 /* CollectionController.swift */,
				17A92B582070D6B1009789D4 /* CollectionController.storyboard */,
				17A92B5C2070E039009789D4 /* CollectionCell.swift */,
				17A92B5E2070E042009789D4 /* CollectionHeader.swift */,
				17E3DFD9206FC60A000DBEAE /* Assets.xcassets */,
				17E3DFDB206FC60A000DBEAE /* LaunchScreen.storyboard */,
				17E3DFDE206FC60B000DBEAE /* Info.plist */,
			);
			path = RxToy;
			sourceTree = "<group>";
		};
		17E3DFE4206FE393000DBEAE /* Frameworks */ = {
			isa = PBXGroup;
			children = (
				17E3DFE6206FE393000DBEAE /* RxCocoa.framework */,
				17E3DFE5206FE393000DBEAE /* RxSwift.framework */,
			);
			name = Frameworks;
			sourceTree = "<group>";
		};
/* End PBXGroup section */

/* Begin PBXNativeTarget section */
		17E3DFCE206FC60A000DBEAE /* RxToy */ = {
			isa = PBXNativeTarget;
			buildConfigurationList = 17E3DFE1206FC60B000DBEAE /* Build configuration list for PBXNativeTarget "RxToy" */;
			buildPhases = (
				17E3DFCB206FC60A000DBEAE /* Sources */,
				17E3DFCC206FC60A000DBEAE /* Frameworks */,
				17E3DFCD206FC60A000DBEAE /* Resources */,
				17E3DFE9206FE41B000DBEAE /* Carthage */,
			);
			buildRules = (
			);
			dependencies = (
			);
			name = RxToy;
			productName = RxToy;
			productReference = 17E3DFCF206FC60A000DBEAE /* RxToy.app */;
			productType = "com.apple.product-type.application";
		};
/* End PBXNativeTarget section */

/* Begin PBXProject section */
		17E3DFC7206FC60A000DBEAE /* Project object */ = {
			isa = PBXProject;
			attributes = {
				LastSwiftUpdateCheck = 0920;
				LastUpgradeCheck = 0920;
				ORGANIZATIONNAME = "Pharos Production Inc.";
				TargetAttributes = {
					17E3DFCE206FC60A000DBEAE = {
						CreatedOnToolsVersion = 9.2;
						ProvisioningStyle = Automatic;
					};
				};
			};
			buildConfigurationList = 17E3DFCA206FC60A000DBEAE /* Build configuration list for PBXProject "RxToy" */;
			compatibilityVersion = "Xcode 8.0";
			developmentRegion = en;
			hasScannedForEncodings = 0;
			knownRegions = (
				en,
				Base,
			);
			mainGroup = 17E3DFC6206FC60A000DBEAE;
			productRefGroup = 17E3DFD0206FC60A000DBEAE /* Products */;
			projectDirPath = "";
			projectRoot = "";
			targets = (
				17E3DFCE206FC60A000DBEAE /* RxToy */,
			);
		};
/* End PBXProject section */

/* Begin PBXResourcesBuildPhase section */
		17E3DFCD206FC60A000DBEAE /* Resources */ = {
			isa = PBXResourcesBuildPhase;
			buildActionMask = 2147483647;
			files = (
				17A92B572070BEBC009789D4 /* ListController.storyboard in Resources */,
				17A92B592070D6B1009789D4 /* CollectionController.storyboard in Resources */,
				17E3DFDD206FC60A000DBEAE /* LaunchScreen.storyboard in Resources */,
				17E3DFDA206FC60A000DBEAE /* Assets.xcassets in Resources */,
				17E3DFD8206FC60A000DBEAE /* BasicsController.storyboard in Resources */,
			);
			runOnlyForDeploymentPostprocessing = 0;
		};
/* End PBXResourcesBuildPhase section */

/* Begin PBXShellScriptBuildPhase section */
		17E3DFE9206FE41B000DBEAE /* Carthage */ = {
			isa = PBXShellScriptBuildPhase;
			buildActionMask = 2147483647;
			files = (
			);
			inputPaths = (
				"$(SRCROOT)/Carthage/Build/iOS/RxCocoa.framework",
				"$(SRCROOT)/Carthage/Build/iOS/RxSwift.framework",
				"$(SRCROOT)/Carthage/Build/iOS/RxDataSources.framework",
				"$(SRCROOT)/Carthage/Build/iOS/Differentiator.framework",
			);
			name = Carthage;
			outputPaths = (
				"$(BUILT_PRODUCTS_DIR)/$(FRAMEWORKS_FOLDER_PATH)/RxSwift.framework",
				"$(BUILT_PRODUCTS_DIR)/$(FRAMEWORKS_FOLDER_PATH)/RxCocoa.framework",
				"$(BUILT_PRODUCTS_DIR)/$(FRAMEWORKS_FOLDER_PATH)/RxDataSources.framework",
				"$(BUILT_PRODUCTS_DIR)/$(FRAMEWORKS_FOLDER_PATH)/Differentiator.framework",
			);
			runOnlyForDeploymentPostprocessing = 0;
			shellPath = /bin/sh;
			shellScript = "/usr/local/bin/carthage copy-frameworks";
		};
/* End PBXShellScriptBuildPhase section */

/* Begin PBXSourcesBuildPhase section */
		17E3DFCB206FC60A000DBEAE /* Sources */ = {
			isa = PBXSourcesBuildPhase;
			buildActionMask = 2147483647;
			files = (
				17A92B5F2070E042009789D4 /* CollectionHeader.swift in Sources */,
				17E3DFD5206FC60A000DBEAE /* BasicsController.swift in Sources */,
				17A92B5B2070D6BB009789D4 /* CollectionController.swift in Sources */,
				17E3DFD3206FC60A000DBEAE /* AppDelegate.swift in Sources */,
				17A92B552070BE8A009789D4 /* ListController.swift in Sources */,
				17A92B5D2070E039009789D4 /* CollectionCell.swift in Sources */,
			);
			runOnlyForDeploymentPostprocessing = 0;
		};
/* End PBXSourcesBuildPhase section */

/* Begin PBXVariantGroup section */
		17E3DFD6206FC60A000DBEAE /* BasicsController.storyboard */ = {
			isa = PBXVariantGroup;
			children = (
				17E3DFD7206FC60A000DBEAE /* Base */,
			);
			name = BasicsController.storyboard;
			sourceTree = "<group>";
		};
		17E3DFDB206FC60A000DBEAE /* LaunchScreen.storyboard */ = {
			isa = PBXVariantGroup;
			children = (
				17E3DFDC206FC60A000DBEAE /* Base */,
			);
			name = LaunchScreen.storyboard;
			sourceTree = "<group>";
		};
/* End PBXVariantGroup section */

/* Begin XCBuildConfiguration section */
		17E3DFDF206FC60B000DBEAE /* Debug */ = {
			isa = XCBuildConfiguration;
			buildSettings = {
				ALWAYS_SEARCH_USER_PATHS = NO;
				CLANG_ANALYZER_NONNULL = YES;
				CLANG_ANALYZER_NUMBER_OBJECT_CONVERSION = YES_AGGRESSIVE;
				CLANG_CXX_LANGUAGE_STANDARD = "gnu++14";
				CLANG_CXX_LIBRARY = "libc++";
				CLANG_ENABLE_MODULES = YES;
				CLANG_ENABLE_OBJC_ARC = YES;
				CLANG_WARN_BLOCK_CAPTURE_AUTORELEASING = YES;
				CLANG_WARN_BOOL_CONVERSION = YES;
				CLANG_WARN_COMMA = YES;
				CLANG_WARN_CONSTANT_CONVERSION = YES;
				CLANG_WARN_DIRECT_OBJC_ISA_USAGE = YES_ERROR;
				CLANG_WARN_DOCUMENTATION_COMMENTS = YES;
				CLANG_WARN_EMPTY_BODY = YES;
				CLANG_WARN_ENUM_CONVERSION = YES;
				CLANG_WARN_INFINITE_RECURSION = YES;
				CLANG_WARN_INT_CONVERSION = YES;
				CLANG_WARN_NON_LITERAL_NULL_CONVERSION = YES;
				CLANG_WARN_OBJC_LITERAL_CONVERSION = YES;
				CLANG_WARN_OBJC_ROOT_CLASS = YES_ERROR;
				CLANG_WARN_RANGE_LOOP_ANALYSIS = YES;
				CLANG_WARN_STRICT_PROTOTYPES = YES;
				CLANG_WARN_SUSPICIOUS_MOVE = YES;
				CLANG_WARN_UNGUARDED_AVAILABILITY = YES_AGGRESSIVE;
				CLANG_WARN_UNREACHABLE_CODE = YES;
				CLANG_WARN__DUPLICATE_METHOD_MATCH = YES;
				CODE_SIGN_IDENTITY = "iPhone Developer";
				COPY_PHASE_STRIP = NO;
				DEBUG_INFORMATION_FORMAT = dwarf;
				ENABLE_STRICT_OBJC_MSGSEND = YES;
				ENABLE_TESTABILITY = YES;
				GCC_C_LANGUAGE_STANDARD = gnu11;
				GCC_DYNAMIC_NO_PIC = NO;
				GCC_NO_COMMON_BLOCKS = YES;
				GCC_OPTIMIZATION_LEVEL = 0;
				GCC_PREPROCESSOR_DEFINITIONS = (
					"DEBUG=1",
					"$(inherited)",
				);
				GCC_WARN_64_TO_32_BIT_CONVERSION = YES;
				GCC_WARN_ABOUT_RETURN_TYPE = YES_ERROR;
				GCC_WARN_UNDECLARED_SELECTOR = YES;
				GCC_WARN_UNINITIALIZED_AUTOS = YES_AGGRESSIVE;
				GCC_WARN_UNUSED_FUNCTION = YES;
				GCC_WARN_UNUSED_VARIABLE = YES;
				IPHONEOS_DEPLOYMENT_TARGET = 11.2;
				MTL_ENABLE_DEBUG_INFO = YES;
				ONLY_ACTIVE_ARCH = YES;
				SDKROOT = iphoneos;
				SWIFT_ACTIVE_COMPILATION_CONDITIONS = DEBUG;
				SWIFT_OPTIMIZATION_LEVEL = "-Onone";
			};
			name = Debug;
		};
		17E3DFE0206FC60B000DBEAE /* Release */ = {
			isa = XCBuildConfiguration;
			buildSettings = {
				ALWAYS_SEARCH_USER_PATHS = NO;
				CLANG_ANALYZER_NONNULL = YES;
				CLANG_ANALYZER_NUMBER_OBJECT_CONVERSION = YES_AGGRESSIVE;
				CLANG_CXX_LANGUAGE_STANDARD = "gnu++14";
				CLANG_CXX_LIBRARY = "libc++";
				CLANG_ENABLE_MODULES = YES;
				CLANG_ENABLE_OBJC_ARC = YES;
				CLANG_WARN_BLOCK_CAPTURE_AUTORELEASING = YES;
				CLANG_WARN_BOOL_CONVERSION = YES;
				CLANG_WARN_COMMA = YES;
				CLANG_WARN_CONSTANT_CONVERSION = YES;
				CLANG_WARN_DIRECT_OBJC_ISA_USAGE = YES_ERROR;
				CLANG_WARN_DOCUMENTATION_COMMENTS = YES;
				CLANG_WARN_EMPTY_BODY = YES;
				CLANG_WARN_ENUM_CONVERSION = YES;
				CLANG_WARN_INFINITE_RECURSION = YES;
				CLANG_WARN_INT_CONVERSION = YES;
				CLANG_WARN_NON_LITERAL_NULL_CONVERSION = YES;
				CLANG_WARN_OBJC_LITERAL_CONVERSION = YES;
				CLANG_WARN_OBJC_ROOT_CLASS = YES_ERROR;
				CLANG_WARN_RANGE_LOOP_ANALYSIS = YES;
				CLANG_WARN_STRICT_PROTOTYPES = YES;
				CLANG_WARN_SUSPICIOUS_MOVE = YES;
				CLANG_WARN_UNGUARDED_AVAILABILITY = YES_AGGRESSIVE;
				CLANG_WARN_UNREACHABLE_CODE = YES;
				CLANG_WARN__DUPLICATE_METHOD_MATCH = YES;
				CODE_SIGN_IDENTITY = "iPhone Developer";
				COPY_PHASE_STRIP = NO;
				DEBUG_INFORMATION_FORMAT = "dwarf-with-dsym";
				ENABLE_NS_ASSERTIONS = NO;
				ENABLE_STRICT_OBJC_MSGSEND = YES;
				GCC_C_LANGUAGE_STANDARD = gnu11;
				GCC_NO_COMMON_BLOCKS = YES;
				GCC_WARN_64_TO_32_BIT_CONVERSION = YES;
				GCC_WARN_ABOUT_RETURN_TYPE = YES_ERROR;
				GCC_WARN_UNDECLARED_SELECTOR = YES;
				GCC_WARN_UNINITIALIZED_AUTOS = YES_AGGRESSIVE;
				GCC_WARN_UNUSED_FUNCTION = YES;
				GCC_WARN_UNUSED_VARIABLE = YES;
				IPHONEOS_DEPLOYMENT_TARGET = 11.2;
				MTL_ENABLE_DEBUG_INFO = NO;
				SDKROOT = iphoneos;
				SWIFT_OPTIMIZATION_LEVEL = "-Owholemodule";
				VALIDATE_PRODUCT = YES;
			};
			name = Release;
		};
		17E3DFE2206FC60B000DBEAE /* Debug */ = {
			isa = XCBuildConfiguration;
			buildSettings = {
				ASSETCATALOG_COMPILER_APPICON_NAME = AppIcon;
				CODE_SIGN_STYLE = Automatic;
				DEVELOPMENT_TEAM = 5LF5SD8CL9;
				FRAMEWORK_SEARCH_PATHS = (
					"$(inherited)",
					"$(PROJECT_DIR)/Carthage/Build/iOS",
				);
				INFOPLIST_FILE = RxToy/Info.plist;
				LD_RUNPATH_SEARCH_PATHS = "$(inherited) @executable_path/Frameworks";
				PRODUCT_BUNDLE_IDENTIFIER = com.pharosproduction.RxToy;
				PRODUCT_NAME = "$(TARGET_NAME)";
				SWIFT_VERSION = 4.0;
				TARGETED_DEVICE_FAMILY = "1,2";
			};
			name = Debug;
		};
		17E3DFE3206FC60B000DBEAE /* Release */ = {
			isa = XCBuildConfiguration;
			buildSettings = {
				ASSETCATALOG_COMPILER_APPICON_NAME = AppIcon;
				CODE_SIGN_STYLE = Automatic;
				DEVELOPMENT_TEAM = 5LF5SD8CL9;
				FRAMEWORK_SEARCH_PATHS = (
					"$(inherited)",
					"$(PROJECT_DIR)/Carthage/Build/iOS",
				);
				INFOPLIST_FILE = RxToy/Info.plist;
				LD_RUNPATH_SEARCH_PATHS = "$(inherited) @executable_path/Frameworks";
				PRODUCT_BUNDLE_IDENTIFIER = com.pharosproduction.RxToy;
				PRODUCT_NAME = "$(TARGET_NAME)";
				SWIFT_VERSION = 4.0;
				TARGETED_DEVICE_FAMILY = "1,2";
			};
			name = Release;
		};
/* End XCBuildConfiguration section */

/* Begin XCConfigurationList section */
		17E3DFCA206FC60A000DBEAE /* Build configuration list for PBXProject "RxToy" */ = {
			isa = XCConfigurationList;
			buildConfigurations = (
				17E3DFDF206FC60B000DBEAE /* Debug */,
				17E3DFE0206FC60B000DBEAE /* Release */,
			);
			defaultConfigurationIsVisible = 0;
			defaultConfigurationName = Release;
		};
		17E3DFE1206FC60B000DBEAE /* Build configuration list for PBXNativeTarget "RxToy" */ = {
			isa = XCConfigurationList;
			buildConfigurations = (
				17E3DFE2206FC60B000DBEAE /* Debug */,
				17E3DFE3206FC60B000DBEAE /* Release */,
			);
			defaultConfigurationIsVisible = 0;
			defaultConfigurationName = Release;
		};
/* End XCConfigurationList section */
	};
	rootObject = 17E3DFC7206FC60A000DBEAE /* Project object */;
}
